// !$*UTF8*$!
{
	archiveVersion = 1;
	classes = {
	};
	objectVersion = 46;
	objects = {

/* Begin PBXBuildFile section */
		8D6B321F1D92607300984659 /* AppDelegate.swift in Sources */ = {isa = PBXBuildFile; fileRef = 8D6B321E1D92607300984659 /* AppDelegate.swift */; };
		8D6B32211D92607300984659 /* ViewController.swift in Sources */ = {isa = PBXBuildFile; fileRef = 8D6B32201D92607300984659 /* ViewController.swift */; };
		8D6B32241D92607300984659 /* Main.storyboard in Resources */ = {isa = PBXBuildFile; fileRef = 8D6B32221D92607300984659 /* Main.storyboard */; };
		8D6B32261D92607300984659 /* Assets.xcassets in Resources */ = {isa = PBXBuildFile; fileRef = 8D6B32251D92607300984659 /* Assets.xcassets */; };
		8D6B32291D92607300984659 /* LaunchScreen.storyboard in Resources */ = {isa = PBXBuildFile; fileRef = 8D6B32271D92607300984659 /* LaunchScreen.storyboard */; };
		8D6B32341D92607300984659 /* TipCalculatorTests.swift in Sources */ = {isa = PBXBuildFile; fileRef = 8D6B32331D92607300984659 /* TipCalculatorTests.swift */; };
		8D6B323F1D92607300984659 /* TipCalculatorUITests.swift in Sources */ = {isa = PBXBuildFile; fileRef = 8D6B323E1D92607300984659 /* TipCalculatorUITests.swift */; };
/* End PBXBuildFile section */

/* Begin PBXContainerItemProxy section */
		8D6B32301D92607300984659 /* PBXContainerItemProxy */ = {
			isa = PBXContainerItemProxy;
			containerPortal = 8D6B32131D92607200984659 /* Project object */;
			proxyType = 1;
			remoteGlobalIDString = 8D6B321A1D92607200984659;
			remoteInfo = TipCalculator;
		};
		8D6B323B1D92607300984659 /* PBXContainerItemProxy */ = {
			isa = PBXContainerItemProxy;
			containerPortal = 8D6B32131D92607200984659 /* Project object */;
			proxyType = 1;
			remoteGlobalIDString = 8D6B321A1D92607200984659;
			remoteInfo = TipCalculator;
		};
/* End PBXContainerItemProxy section */

/* Begin PBXFileReference section */
		8D6B321B1D92607300984659 /* TipCalculator.app */ = {isa = PBXFileReference; explicitFileType = wrapper.application; includeInIndex = 0; path = TipCalculator.app; sourceTree = BUILT_PRODUCTS_DIR; };
		8D6B321E1D92607300984659 /* AppDelegate.swift */ = {isa = PBXFileReference; lastKnownFileType = sourcecode.swift; path = AppDelegate.swift; sourceTree = "<group>"; };
		8D6B32201D92607300984659 /* ViewController.swift */ = {isa = PBXFileReference; lastKnownFileType = sourcecode.swift; path = ViewController.swift; sourceTree = "<group>"; };
		8D6B32231D92607300984659 /* Base */ = {isa = PBXFileReference; lastKnownFileType = file.storyboard; name = Base; path = Base.lproj/Main.storyboard; sourceTree = "<group>"; };
		8D6B32251D92607300984659 /* Assets.xcassets */ = {isa = PBXFileReference; lastKnownFileType = folder.assetcatalog; path = Assets.xcassets; sourceTree = "<group>"; };
		8D6B32281D92607300984659 /* Base */ = {isa = PBXFileReference; lastKnownFileType = file.storyboard; name = Base; path = Base.lproj/LaunchScreen.storyboard; sourceTree = "<group>"; };
		8D6B322A1D92607300984659 /* Info.plist */ = {isa = PBXFileReference; lastKnownFileType = text.plist.xml; path = Info.plist; sourceTree = "<group>"; };
		8D6B322F1D92607300984659 /* TipCalculatorTests.xctest */ = {isa = PBXFileReference; explicitFileType = wrapper.cfbundle; includeInIndex = 0; path = TipCalculatorTests.xctest; sourceTree = BUILT_PRODUCTS_DIR; };
		8D6B32331D92607300984659 /* TipCalculatorTests.swift */ = {isa = PBXFileReference; lastKnownFileType = sourcecode.swift; path = TipCalculatorTests.swift; sourceTree = "<group>"; };
		8D6B32351D92607300984659 /* Info.plist */ = {isa = PBXFileReference; lastKnownFileType = text.plist.xml; path = Info.plist; sourceTree = "<group>"; };
		8D6B323A1D92607300984659 /* TipCalculatorUITests.xctest */ = {isa = PBXFileReference; explicitFileType = wrapper.cfbundle; includeInIndex = 0; path = TipCalculatorUITests.xctest; sourceTree = BUILT_PRODUCTS_DIR; };
		8D6B323E1D92607300984659 /* TipCalculatorUITests.swift */ = {isa = PBXFileReference; lastKnownFileType = sourcecode.swift; path = TipCalculatorUITests.swift; sourceTree = "<group>"; };
		8D6B32401D92607300984659 /* Info.plist */ = {isa = PBXFileReference; lastKnownFileType = text.plist.xml; path = Info.plist; sourceTree = "<group>"; };
/* End PBXFileReference section */

/* Begin PBXFrameworksBuildPhase section */
		8D6B32181D92607200984659 /* Frameworks */ = {
			isa = PBXFrameworksBuildPhase;
			buildActionMask = 2147483647;
			files = (
			);
			runOnlyForDeploymentPostprocessing = 0;
		};
		8D6B322C1D92607300984659 /* Frameworks */ = {
			isa = PBXFrameworksBuildPhase;
			buildActionMask = 2147483647;
			files = (
			);
			runOnlyForDeploymentPostprocessing = 0;
		};
		8D6B32371D92607300984659 /* Frameworks */ = {
			isa = PBXFrameworksBuildPhase;
			buildActionMask = 2147483647;
			files = (
			);
			runOnlyForDeploymentPostprocessing = 0;
		};
/* End PBXFrameworksBuildPhase section */

/* Begin PBXGroup section */
		8D6B32121D92607200984659 = {
			isa = PBXGroup;
			children = (
				8D6B321D1D92607300984659 /* TipCalculator */,
				8D6B32321D92607300984659 /* TipCalculatorTests */,
				8D6B323D1D92607300984659 /* TipCalculatorUITests */,
				8D6B321C1D92607300984659 /* Products */,
			);
			sourceTree = "<group>";
		};
		8D6B321C1D92607300984659 /* Products */ = {
			isa = PBXGroup;
			children = (
				8D6B321B1D92607300984659 /* TipCalculator.app */,
				8D6B322F1D92607300984659 /* TipCalculatorTests.xctest */,
				8D6B323A1D92607300984659 /* TipCalculatorUITests.xctest */,
			);
			name = Products;
			sourceTree = "<group>";
		};
		8D6B321D1D92607300984659 /* TipCalculator */ = {
			isa = PBXGroup;
			children = (
				8D6B321E1D92607300984659 /* AppDelegate.swift */,
				8D6B32201D92607300984659 /* ViewController.swift */,
				8D6B32221D92607300984659 /* Main.storyboard */,
				8D6B32251D92607300984659 /* Assets.xcassets */,
				8D6B32271D92607300984659 /* LaunchScreen.storyboard */,
				8D6B322A1D92607300984659 /* Info.plist */,
			);
			path = TipCalculator;
			sourceTree = "<group>";
		};
		8D6B32321D92607300984659 /* TipCalculatorTests */ = {
			isa = PBXGroup;
			children = (
				8D6B32331D92607300984659 /* TipCalculatorTests.swift */,
				8D6B32351D92607300984659 /* Info.plist */,
			);
			path = TipCalculatorTests;
			sourceTree = "<group>";
		};
		8D6B323D1D92607300984659 /* TipCalculatorUITests */ = {
			isa = PBXGroup;
			children = (
				8D6B323E1D92607300984659 /* TipCalculatorUITests.swift */,
				8D6B32401D92607300984659 /* Info.plist */,
			);
			path = TipCalculatorUITests;
			sourceTree = "<group>";
		};
/* End PBXGroup section */

/* Begin PBXNativeTarget section */
		8D6B321A1D92607200984659 /* TipCalculator */ = {
			isa = PBXNativeTarget;
			buildConfigurationList = 8D6B32431D92607300984659 /* Build configuration list for PBXNativeTarget "TipCalculator" */;
			buildPhases = (
				8D6B32171D92607200984659 /* Sources */,
				8D6B32181D92607200984659 /* Frameworks */,
				8D6B32191D92607200984659 /* Resources */,
			);
			buildRules = (
			);
			dependencies = (
			);
			name = TipCalculator;
			productName = TipCalculator;
			productReference = 8D6B321B1D92607300984659 /* TipCalculator.app */;
			productType = "com.apple.product-type.application";
		};
		8D6B322E1D92607300984659 /* TipCalculatorTests */ = {
			isa = PBXNativeTarget;
			buildConfigurationList = 8D6B32461D92607300984659 /* Build configuration list for PBXNativeTarget "TipCalculatorTests" */;
			buildPhases = (
				8D6B322B1D92607300984659 /* Sources */,
				8D6B322C1D92607300984659 /* Frameworks */,
				8D6B322D1D92607300984659 /* Resources */,
			);
			buildRules = (
			);
			dependencies = (
				8D6B32311D92607300984659 /* PBXTargetDependency */,
			);
			name = TipCalculatorTests;
			productName = TipCalculatorTests;
			productReference = 8D6B322F1D92607300984659 /* TipCalculatorTests.xctest */;
			productType = "com.apple.product-type.bundle.unit-test";
		};
		8D6B32391D92607300984659 /* TipCalculatorUITests */ = {
			isa = PBXNativeTarget;
			buildConfigurationList = 8D6B32491D92607300984659 /* Build configuration list for PBXNativeTarget "TipCalculatorUITests" */;
			buildPhases = (
				8D6B32361D92607300984659 /* Sources */,
				8D6B32371D92607300984659 /* Frameworks */,
				8D6B32381D92607300984659 /* Resources */,
			);
			buildRules = (
			);
			dependencies = (
				8D6B323C1D92607300984659 /* PBXTargetDependency */,
			);
			name = TipCalculatorUITests;
			productName = TipCalculatorUITests;
			productReference = 8D6B323A1D92607300984659 /* TipCalculatorUITests.xctest */;
			productType = "com.apple.product-type.bundle.ui-testing";
		};
/* End PBXNativeTarget section */

/* Begin PBXProject section */
		8D6B32131D92607200984659 /* Project object */ = {
			isa = PBXProject;
			attributes = {
				LastSwiftUpdateCheck = 0800;
				LastUpgradeCheck = 0800;
				ORGANIZATIONNAME = "James Zhou";
				TargetAttributes = {
					8D6B321A1D92607200984659 = {
						CreatedOnToolsVersion = 8.0;
						DevelopmentTeam = EEV6AZHDW2;
						ProvisioningStyle = Automatic;
					};
					8D6B322E1D92607300984659 = {
						CreatedOnToolsVersion = 8.0;
						DevelopmentTeam = EEV6AZHDW2;
						ProvisioningStyle = Automatic;
						TestTargetID = 8D6B321A1D92607200984659;
					};
					8D6B32391D92607300984659 = {
						CreatedOnToolsVersion = 8.0;
						DevelopmentTeam = EEV6AZHDW2;
						ProvisioningStyle = Automatic;
						TestTargetID = 8D6B321A1D92607200984659;
					};
				};
			};
			buildConfigurationList = 8D6B32161D92607200984659 /* Build configuration list for PBXProject "TipCalculator" */;
			compatibilityVersion = "Xcode 3.2";
			developmentRegion = English;
			hasScannedForEncodings = 0;
			knownRegions = (
				en,
				Base,
			);
			mainGroup = 8D6B32121D92607200984659;
			productRefGroup = 8D6B321C1D92607300984659 /* Products */;
			projectDirPath = "";
			projectRoot = "";
			targets = (
				8D6B321A1D92607200984659 /* TipCalculator */,
				8D6B322E1D92607300984659 /* TipCalculatorTests */,
				8D6B32391D92607300984659 /* TipCalculatorUITests */,
			);
		};
/* End PBXProject section */

/* Begin PBXResourcesBuildPhase section */
		8D6B32191D92607200984659 /* Resources */ = {
			isa = PBXResourcesBuildPhase;
			buildActionMask = 2147483647;
			files = (
				8D6B32291D92607300984659 /* LaunchScreen.storyboard in Resources */,
				8D6B32261D92607300984659 /* Assets.xcassets in Resources */,
				8D6B32241D92607300984659 /* Main.storyboard in Resources */,
			);
			runOnlyForDeploymentPostprocessing = 0;
		};
		8D6B322D1D92607300984659 /* Resources */ = {
			isa = PBXResourcesBuildPhase;
			buildActionMask = 2147483647;
			files = (
			);
			runOnlyForDeploymentPostprocessing = 0;
		};
		8D6B32381D92607300984659 /* Resources */ = {
			isa = PBXResourcesBuildPhase;
			buildActionMask = 2147483647;
			files = (
			);
			runOnlyForDeploymentPostprocessing = 0;
		};
/* End PBXResourcesBuildPhase section */

/* Begin PBXSourcesBuildPhase section */
		8D6B32171D92607200984659 /* Sources */ = {
			isa = PBXSourcesBuildPhase;
			buildActionMask = 2147483647;
			files = (
				8D6B32211D92607300984659 /* ViewController.swift in Sources */,
				8D6B321F1D92607300984659 /* AppDelegate.swift in Sources */,
			);
			runOnlyForDeploymentPostprocessing = 0;
		};
		8D6B322B1D92607300984659 /* Sources */ = {
			isa = PBXSourcesBuildPhase;
			buildActionMask = 2147483647;
			files = (
				8D6B32341D92607300984659 /* TipCalculatorTests.swift in Sources */,
			);
			runOnlyForDeploymentPostprocessing = 0;
		};
		8D6B32361D92607300984659 /* Sources */ = {
			isa = PBXSourcesBuildPhase;
			buildActionMask = 2147483647;
			files = (
				8D6B323F1D92607300984659 /* TipCalculatorUITests.swift in Sources */,
			);
			runOnlyForDeploymentPostprocessing = 0;
		};
/* End PBXSourcesBuildPhase section */

/* Begin PBXTargetDependency section */
		8D6B32311D92607300984659 /* PBXTargetDependency */ = {
			isa = PBXTargetDependency;
			target = 8D6B321A1D92607200984659 /* TipCalculator */;
			targetProxy = 8D6B32301D92607300984659 /* PBXContainerItemProxy */;
		};
		8D6B323C1D92607300984659 /* PBXTargetDependency */ = {
			isa = PBXTargetDependency;
			target = 8D6B321A1D92607200984659 /* TipCalculator */;
			targetProxy = 8D6B323B1D92607300984659 /* PBXContainerItemProxy */;
		};
/* End PBXTargetDependency section */

/* Begin PBXVariantGroup section */
		8D6B32221D92607300984659 /* Main.storyboard */ = {
			isa = PBXVariantGroup;
			children = (
				8D6B32231D92607300984659 /* Base */,
			);
			name = Main.storyboard;
			sourceTree = "<group>";
		};
		8D6B32271D92607300984659 /* LaunchScreen.storyboard */ = {
			isa = PBXVariantGroup;
			children = (
				8D6B32281D92607300984659 /* Base */,
			);
			name = LaunchScreen.storyboard;
			sourceTree = "<group>";
		};
/* End PBXVariantGroup section */

/* Begin XCBuildConfiguration section */
		8D6B32411D92607300984659 /* Debug */ = {
			isa = XCBuildConfiguration;
			buildSettings = {
				ALWAYS_SEARCH_USER_PATHS = NO;
				CLANG_ANALYZER_NONNULL = YES;
				CLANG_CXX_LANGUAGE_STANDARD = "gnu++0x";
				CLANG_CXX_LIBRARY = "libc++";
				CLANG_ENABLE_MODULES = YES;
				CLANG_ENABLE_OBJC_ARC = YES;
				CLANG_WARN_BOOL_CONVERSION = YES;
				CLANG_WARN_CONSTANT_CONVERSION = YES;
				CLANG_WARN_DIRECT_OBJC_ISA_USAGE = YES_ERROR;
				CLANG_WARN_DOCUMENTATION_COMMENTS = YES;
				CLANG_WARN_EMPTY_BODY = YES;
				CLANG_WARN_ENUM_CONVERSION = YES;
				CLANG_WARN_INFINITE_RECURSION = YES;
				CLANG_WARN_INT_CONVERSION = YES;
				CLANG_WARN_OBJC_ROOT_CLASS = YES_ERROR;
				CLANG_WARN_SUSPICIOUS_MOVES = YES;
				CLANG_WARN_UNREACHABLE_CODE = YES;
				CLANG_WARN__DUPLICATE_METHOD_MATCH = YES;
				"CODE_SIGN_IDENTITY[sdk=iphoneos*]" = "iPhone Developer";
				COPY_PHASE_STRIP = NO;
				DEBUG_INFORMATION_FORMAT = dwarf;
				ENABLE_STRICT_OBJC_MSGSEND = YES;
				ENABLE_TESTABILITY = YES;
				GCC_C_LANGUAGE_STANDARD = gnu99;
				GCC_DYNAMIC_NO_PIC = NO;
				GCC_NO_COMMON_BLOCKS = YES;
				GCC_OPTIMIZATION_LEVEL = 0;
				GCC_PREPROCESSOR_DEFINITIONS = (
					"DEBUG=1",
					"$(inherited)",
				);
				GCC_WARN_64_TO_32_BIT_CONVERSION = YES;
				GCC_WARN_ABOUT_RETURN_TYPE = YES_ERROR;
				GCC_WARN_UNDECLARED_SELECTOR = YES;
				GCC_WARN_UNINITIALIZED_AUTOS = YES_AGGRESSIVE;
				GCC_WARN_UNUSED_FUNCTION = YES;
				GCC_WARN_UNUSED_VARIABLE = YES;
				IPHONEOS_DEPLOYMENT_TARGET = 10.0;
				MTL_ENABLE_DEBUG_INFO = YES;
				ONLY_ACTIVE_ARCH = YES;
				SDKROOT = iphoneos;
				SWIFT_ACTIVE_COMPILATION_CONDITIONS = DEBUG;
				SWIFT_OPTIMIZATION_LEVEL = "-Onone";
			};
			name = Debug;
		};
		8D6B32421D92607300984659 /* Release */ = {
			isa = XCBuildConfiguration;
			buildSettings = {
				ALWAYS_SEARCH_USER_PATHS = NO;
				CLANG_ANALYZER_NONNULL = YES;
				CLANG_CXX_LANGUAGE_STANDARD = "gnu++0x";
				CLANG_CXX_LIBRARY = "libc++";
				CLANG_ENABLE_MODULES = YES;
				CLANG_ENABLE_OBJC_ARC = YES;
				CLANG_WARN_BOOL_CONVERSION = YES;
				CLANG_WARN_CONSTANT_CONVERSION = YES;
				CLANG_WARN_DIRECT_OBJC_ISA_USAGE = YES_ERROR;
				CLANG_WARN_DOCUMENTATION_COMMENTS = YES;
				CLANG_WARN_EMPTY_BODY = YES;
				CLANG_WARN_ENUM_CONVERSION = YES;
				CLANG_WARN_INFINITE_RECURSION = YES;
				CLANG_WARN_INT_CONVERSION = YES;
				CLANG_WARN_OBJC_ROOT_CLASS = YES_ERROR;
				CLANG_WARN_SUSPICIOUS_MOVES = YES;
				CLANG_WARN_UNREACHABLE_CODE = YES;
				CLANG_WARN__DUPLICATE_METHOD_MATCH = YES;
				"CODE_SIGN_IDENTITY[sdk=iphoneos*]" = "iPhone Developer";
				COPY_PHASE_STRIP = NO;
				DEBUG_INFORMATION_FORMAT = "dwarf-with-dsym";
				ENABLE_NS_ASSERTIONS = NO;
				ENABLE_STRICT_OBJC_MSGSEND = YES;
				GCC_C_LANGUAGE_STANDARD = gnu99;
				GCC_NO_COMMON_BLOCKS = YES;
				GCC_WARN_64_TO_32_BIT_CONVERSION = YES;
				GCC_WARN_ABOUT_RETURN_TYPE = YES_ERROR;
				GCC_WARN_UNDECLARED_SELECTOR = YES;
				GCC_WARN_UNINITIALIZED_AUTOS = YES_AGGRESSIVE;
				GCC_WARN_UNUSED_FUNCTION = YES;
				GCC_WARN_UNUSED_VARIABLE = YES;
				IPHONEOS_DEPLOYMENT_TARGET = 10.0;
				MTL_ENABLE_DEBUG_INFO = NO;
				SDKROOT = iphoneos;
				SWIFT_OPTIMIZATION_LEVEL = "-Owholemodule";
				VALIDATE_PRODUCT = YES;
			};
			name = Release;
		};
		8D6B32441D92607300984659 /* Debug */ = {
			isa = XCBuildConfiguration;
			buildSettings = {
				ASSETCATALOG_COMPILER_APPICON_NAME = AppIcon;
				DEVELOPMENT_TEAM = EEV6AZHDW2;
				INFOPLIST_FILE = TipCalculator/Info.plist;
				LD_RUNPATH_SEARCH_PATHS = "$(inherited) @executable_path/Frameworks";
				PRODUCT_BUNDLE_IDENTIFIER = jameszhou.TipCalculator;
				PRODUCT_NAME = "$(TARGET_NAME)";
				SWIFT_VERSION = 3.0;
			};
			name = Debug;
		};
		8D6B32451D92607300984659 /* Release */ = {
			isa = XCBuildConfiguration;
			buildSettings = {
				ASSETCATALOG_COMPILER_APPICON_NAME = AppIcon;
				DEVELOPMENT_TEAM = EEV6AZHDW2;
				INFOPLIST_FILE = TipCalculator/Info.plist;
				LD_RUNPATH_SEARCH_PATHS = "$(inherited) @executable_path/Frameworks";
				PRODUCT_BUNDLE_IDENTIFIER = jameszhou.TipCalculator;
				PRODUCT_NAME = "$(TARGET_NAME)";
				SWIFT_VERSION = 3.0;
			};
			name = Release;
		};
		8D6B32471D92607300984659 /* Debug */ = {
			isa = XCBuildConfiguration;
			buildSettings = {
				ALWAYS_EMBED_SWIFT_STANDARD_LIBRARIES = YES;
				BUNDLE_LOADER = "$(TEST_HOST)";
				DEVELOPMENT_TEAM = EEV6AZHDW2;
				INFOPLIST_FILE = TipCalculatorTests/Info.plist;
				LD_RUNPATH_SEARCH_PATHS = "$(inherited) @executable_path/Frameworks @loader_path/Frameworks";
				PRODUCT_BUNDLE_IDENTIFIER = jameszhou.TipCalculatorTests;
				PRODUCT_NAME = "$(TARGET_NAME)";
				SWIFT_VERSION = 3.0;
				TEST_HOST = "$(BUILT_PRODUCTS_DIR)/TipCalculator.app/TipCalculator";
			};
			name = Debug;
		};
		8D6B32481D92607300984659 /* Release */ = {
			isa = XCBuildConfiguration;
			buildSettings = {
				ALWAYS_EMBED_SWIFT_STANDARD_LIBRARIES = YES;
				BUNDLE_LOADER = "$(TEST_HOST)";
				DEVELOPMENT_TEAM = EEV6AZHDW2;
				INFOPLIST_FILE = TipCalculatorTests/Info.plist;
				LD_RUNPATH_SEARCH_PATHS = "$(inherited) @executable_path/Frameworks @loader_path/Frameworks";
				PRODUCT_BUNDLE_IDENTIFIER = jameszhou.TipCalculatorTests;
				PRODUCT_NAME = "$(TARGET_NAME)";
				SWIFT_VERSION = 3.0;
				TEST_HOST = "$(BUILT_PRODUCTS_DIR)/TipCalculator.app/TipCalculator";
			};
			name = Release;
		};
		8D6B324A1D92607300984659 /* Debug */ = {
			isa = XCBuildConfiguration;
			buildSettings = {
				ALWAYS_EMBED_SWIFT_STANDARD_LIBRARIES = YES;
				DEVELOPMENT_TEAM = EEV6AZHDW2;
				INFOPLIST_FILE = TipCalculatorUITests/Info.plist;
				LD_RUNPATH_SEARCH_PATHS = "$(inherited) @executable_path/Frameworks @loader_path/Frameworks";
				PRODUCT_BUNDLE_IDENTIFIER = jameszhou.TipCalculatorUITests;
				PRODUCT_NAME = "$(TARGET_NAME)";
				SWIFT_VERSION = 3.0;
				TEST_TARGET_NAME = TipCalculator;
			};
			name = Debug;
		};
		8D6B324B1D92607300984659 /* Release */ = {
			isa = XCBuildConfiguration;
			buildSettings = {
				ALWAYS_EMBED_SWIFT_STANDARD_LIBRARIES = YES;
				DEVELOPMENT_TEAM = EEV6AZHDW2;
				INFOPLIST_FILE = TipCalculatorUITests/Info.plist;
				LD_RUNPATH_SEARCH_PATHS = "$(inherited) @executable_path/Frameworks @loader_path/Frameworks";
				PRODUCT_BUNDLE_IDENTIFIER = jameszhou.TipCalculatorUITests;
				PRODUCT_NAME = "$(TARGET_NAME)";
				SWIFT_VERSION = 3.0;
				TEST_TARGET_NAME = TipCalculator;
			};
			name = Release;
		};
/* End XCBuildConfiguration section */

/* Begin XCConfigurationList section */
		8D6B32161D92607200984659 /* Build configuration list for PBXProject "TipCalculator" */ = {
			isa = XCConfigurationList;
			buildConfigurations = (
				8D6B32411D92607300984659 /* Debug */,
				8D6B32421D92607300984659 /* Release */,
			);
			defaultConfigurationIsVisible = 0;
			defaultConfigurationName = Release;
		};
		8D6B32431D92607300984659 /* Build configuration list for PBXNativeTarget "TipCalculator" */ = {
			isa = XCConfigurationList;
			buildConfigurations = (
				8D6B32441D92607300984659 /* Debug */,
				8D6B32451D92607300984659 /* Release */,
			);
			defaultConfigurationIsVisible = 0;
		};
		8D6B32461D92607300984659 /* Build configuration list for PBXNativeTarget "TipCalculatorTests" */ = {
			isa = XCConfigurationList;
			buildConfigurations = (
				8D6B32471D92607300984659 /* Debug */,
				8D6B32481D92607300984659 /* Release */,
			);
			defaultConfigurationIsVisible = 0;
		};
		8D6B32491D92607300984659 /* Build configuration list for PBXNativeTarget "TipCalculatorUITests" */ = {
			isa = XCConfigurationList;
			buildConfigurations = (
				8D6B324A1D92607300984659 /* Debug */,
				8D6B324B1D92607300984659 /* Release */,
			);
			defaultConfigurationIsVisible = 0;
		};
/* End XCConfigurationList section */
	};
	rootObject = 8D6B32131D92607200984659 /* Project object */;
}
